
Microsoft Visual Studio Solution File, Format Version 12.00
# Visual Studio Version 16
VisualStudioVersion = 16.0.30413.136
MinimumVisualStudioVersion = 10.0.40219.1
Project("{FAE04EC0-301F-11D3-BF4B-00C04F79EFBC}") = "Test1", "WpfApp1\Test1.csproj", "{01191527-604A-4173-835E-EB1D1C7187F8}"
EndProject
Global
	GlobalSection(SolutionConfigurationPlatforms) = preSolution
		Debug|Any CPU = Debug|Any CPU
		Release|Any CPU = Release|Any CPU
	EndGlobalSection
	GlobalSection(ProjectConfigurationPlatforms) = postSolution
		{01191527-604A-4173-835E-EB1D1C7187F8}.Debug|Any CPU.ActiveCfg = Debug|Any CPU
		{01191527-604A-4173-835E-EB1D1C7187F8}.Debug|Any CPU.Build.0 = Debug|Any CPU
		{01191527-604A-4173-835E-EB1D1C7187F8}.Release|Any CPU.ActiveCfg = Release|Any CPU
		{01191527-604A-4173-835E-EB1D1C7187F8}.Release|Any CPU.Build.0 = Release|Any CPU
	EndGlobalSection
	GlobalSection(SolutionProperties) = preSolution
		HideSolutionNode = FALSE
	EndGlobalSection
	GlobalSection(ExtensibilityGlobals) = postSolution
		SolutionGuid = {12B4F96A-7223-46E0-B94C-F4DF1E755386}
	EndGlobalSection
EndGlobal
